// !$*UTF8*$!
{
	archiveVersion = 1;
	classes = {
	};
	objectVersion = 56;
	objects = {

/* Begin PBXBuildFile section */
		F97D088B2B1F32FF001178B8 /* TextPractice.swift in Sources */ = {isa = PBXBuildFile; fileRef = F97D088A2B1F32FF001178B8 /* TextPractice.swift */; };
		F97D088D2B206E9A001178B8 /* ImagePractice.swift in Sources */ = {isa = PBXBuildFile; fileRef = F97D088C2B206E9A001178B8 /* ImagePractice.swift */; };
		F9A83AC42B1B2290003AE374 /* practiceSwiftUIApp.swift in Sources */ = {isa = PBXBuildFile; fileRef = F9A83AC32B1B2290003AE374 /* practiceSwiftUIApp.swift */; };
		F9A83AC62B1B2290003AE374 /* State.swift in Sources */ = {isa = PBXBuildFile; fileRef = F9A83AC52B1B2290003AE374 /* State.swift */; };
		F9A83AC82B1B2293003AE374 /* Assets.xcassets in Resources */ = {isa = PBXBuildFile; fileRef = F9A83AC72B1B2293003AE374 /* Assets.xcassets */; };
		F9A83ACB2B1B2293003AE374 /* Preview Assets.xcassets in Resources */ = {isa = PBXBuildFile; fileRef = F9A83ACA2B1B2293003AE374 /* Preview Assets.xcassets */; };
		F9A83AD22B1CC19D003AE374 /* Binding.swift in Sources */ = {isa = PBXBuildFile; fileRef = F9A83AD12B1CC19D003AE374 /* Binding.swift */; };
		F9A83AD42B1DFF05003AE374 /* WebViewPractice.swift in Sources */ = {isa = PBXBuildFile; fileRef = F9A83AD32B1DFF05003AE374 /* WebViewPractice.swift */; };
/* End PBXBuildFile section */

/* Begin PBXFileReference section */
		F97D088A2B1F32FF001178B8 /* TextPractice.swift */ = {isa = PBXFileReference; lastKnownFileType = sourcecode.swift; path = TextPractice.swift; sourceTree = "<group>"; };
		F97D088C2B206E9A001178B8 /* ImagePractice.swift */ = {isa = PBXFileReference; lastKnownFileType = sourcecode.swift; path = ImagePractice.swift; sourceTree = "<group>"; };
		F9A83AC02B1B2290003AE374 /* practiceSwiftUI.app */ = {isa = PBXFileReference; explicitFileType = wrapper.application; includeInIndex = 0; path = practiceSwiftUI.app; sourceTree = BUILT_PRODUCTS_DIR; };
		F9A83AC32B1B2290003AE374 /* practiceSwiftUIApp.swift */ = {isa = PBXFileReference; lastKnownFileType = sourcecode.swift; path = practiceSwiftUIApp.swift; sourceTree = "<group>"; };
		F9A83AC52B1B2290003AE374 /* State.swift */ = {isa = PBXFileReference; lastKnownFileType = sourcecode.swift; path = State.swift; sourceTree = "<group>"; };
		F9A83AC72B1B2293003AE374 /* Assets.xcassets */ = {isa = PBXFileReference; lastKnownFileType = folder.assetcatalog; path = Assets.xcassets; sourceTree = "<group>"; };
		F9A83ACA2B1B2293003AE374 /* Preview Assets.xcassets */ = {isa = PBXFileReference; lastKnownFileType = folder.assetcatalog; path = "Preview Assets.xcassets"; sourceTree = "<group>"; };
		F9A83AD12B1CC19D003AE374 /* Binding.swift */ = {isa = PBXFileReference; lastKnownFileType = sourcecode.swift; path = Binding.swift; sourceTree = "<group>"; };
		F9A83AD32B1DFF05003AE374 /* WebViewPractice.swift */ = {isa = PBXFileReference; lastKnownFileType = sourcecode.swift; path = WebViewPractice.swift; sourceTree = "<group>"; };
		F9A83AD52B1E003E003AE374 /* Info.plist */ = {isa = PBXFileReference; lastKnownFileType = text.plist; path = Info.plist; sourceTree = "<group>"; };
/* End PBXFileReference section */

/* Begin PBXFrameworksBuildPhase section */
		F9A83ABD2B1B2290003AE374 /* Frameworks */ = {
			isa = PBXFrameworksBuildPhase;
			buildActionMask = 2147483647;
			files = (
			);
			runOnlyForDeploymentPostprocessing = 0;
		};
/* End PBXFrameworksBuildPhase section */

/* Begin PBXGroup section */
		F9A83AB72B1B2290003AE374 = {
			isa = PBXGroup;
			children = (
				F9A83AC22B1B2290003AE374 /* practiceSwiftUI */,
				F9A83AC12B1B2290003AE374 /* Products */,
			);
			sourceTree = "<group>";
		};
		F9A83AC12B1B2290003AE374 /* Products */ = {
			isa = PBXGroup;
			children = (
				F9A83AC02B1B2290003AE374 /* practiceSwiftUI.app */,
			);
			name = Products;
			sourceTree = "<group>";
		};
		F9A83AC22B1B2290003AE374 /* practiceSwiftUI */ = {
			isa = PBXGroup;
			children = (
				F9A83AD52B1E003E003AE374 /* Info.plist */,
				F9A83AC32B1B2290003AE374 /* practiceSwiftUIApp.swift */,
				F9A83AC52B1B2290003AE374 /* State.swift */,
				F9A83AD12B1CC19D003AE374 /* Binding.swift */,
				F9A83AD32B1DFF05003AE374 /* WebViewPractice.swift */,
				F97D088A2B1F32FF001178B8 /* TextPractice.swift */,
				F97D088C2B206E9A001178B8 /* ImagePractice.swift */,
				F9A83AC72B1B2293003AE374 /* Assets.xcassets */,
				F9A83AC92B1B2293003AE374 /* Preview Content */,
			);
			path = practiceSwiftUI;
			sourceTree = "<group>";
		};
		F9A83AC92B1B2293003AE374 /* Preview Content */ = {
			isa = PBXGroup;
			children = (
				F9A83ACA2B1B2293003AE374 /* Preview Assets.xcassets */,
			);
			path = "Preview Content";
			sourceTree = "<group>";
		};
/* End PBXGroup section */

/* Begin PBXNativeTarget section */
		F9A83ABF2B1B2290003AE374 /* practiceSwiftUI */ = {
			isa = PBXNativeTarget;
			buildConfigurationList = F9A83ACE2B1B2293003AE374 /* Build configuration list for PBXNativeTarget "practiceSwiftUI" */;
			buildPhases = (
				F9A83ABC2B1B2290003AE374 /* Sources */,
				F9A83ABD2B1B2290003AE374 /* Frameworks */,
				F9A83ABE2B1B2290003AE374 /* Resources */,
			);
			buildRules = (
			);
			dependencies = (
			);
			name = practiceSwiftUI;
			productName = practiceSwiftUI;
			productReference = F9A83AC02B1B2290003AE374 /* practiceSwiftUI.app */;
			productType = "com.apple.product-type.application";
		};
/* End PBXNativeTarget section */

/* Begin PBXProject section */
		F9A83AB82B1B2290003AE374 /* Project object */ = {
			isa = PBXProject;
			attributes = {
				BuildIndependentTargetsInParallel = 1;
				LastSwiftUpdateCheck = 1500;
				LastUpgradeCheck = 1500;
				TargetAttributes = {
					F9A83ABF2B1B2290003AE374 = {
						CreatedOnToolsVersion = 15.0.1;
					};
				};
			};
			buildConfigurationList = F9A83ABB2B1B2290003AE374 /* Build configuration list for PBXProject "practiceSwiftUI" */;
			compatibilityVersion = "Xcode 14.0";
			developmentRegion = en;
			hasScannedForEncodings = 0;
			knownRegions = (
				en,
				Base,
			);
			mainGroup = F9A83AB72B1B2290003AE374;
			productRefGroup = F9A83AC12B1B2290003AE374 /* Products */;
			projectDirPath = "";
			projectRoot = "";
			targets = (
				F9A83ABF2B1B2290003AE374 /* practiceSwiftUI */,
			);
		};
/* End PBXProject section */

/* Begin PBXResourcesBuildPhase section */
		F9A83ABE2B1B2290003AE374 /* Resources */ = {
			isa = PBXResourcesBuildPhase;
			buildActionMask = 2147483647;
			files = (
				F9A83ACB2B1B2293003AE374 /* Preview Assets.xcassets in Resources */,
				F9A83AC82B1B2293003AE374 /* Assets.xcassets in Resources */,
			);
			runOnlyForDeploymentPostprocessing = 0;
		};
/* End PBXResourcesBuildPhase section */

/* Begin PBXSourcesBuildPhase section */
		F9A83ABC2B1B2290003AE374 /* Sources */ = {
			isa = PBXSourcesBuildPhase;
			buildActionMask = 2147483647;
			files = (
				F9A83AD42B1DFF05003AE374 /* WebViewPractice.swift in Sources */,
				F9A83AC62B1B2290003AE374 /* State.swift in Sources */,
				F97D088D2B206E9A001178B8 /* ImagePractice.swift in Sources */,
				F97D088B2B1F32FF001178B8 /* TextPractice.swift in Sources */,
				F9A83AD22B1CC19D003AE374 /* Binding.swift in Sources */,
				F9A83AC42B1B2290003AE374 /* practiceSwiftUIApp.swift in Sources */,
			);
			runOnlyForDeploymentPostprocessing = 0;
		};
/* End PBXSourcesBuildPhase section */

/* Begin XCBuildConfiguration section */
		F9A83ACC2B1B2293003AE374 /* Debug */ = {
			isa = XCBuildConfiguration;
			buildSettings = {
				ALWAYS_SEARCH_USER_PATHS = NO;
				ASSETCATALOG_COMPILER_GENERATE_SWIFT_ASSET_SYMBOL_EXTENSIONS = YES;
				CLANG_ANALYZER_NONNULL = YES;
				CLANG_ANALYZER_NUMBER_OBJECT_CONVERSION = YES_AGGRESSIVE;
				CLANG_CXX_LANGUAGE_STANDARD = "gnu++20";
				CLANG_ENABLE_MODULES = YES;
				CLANG_ENABLE_OBJC_ARC = YES;
				CLANG_ENABLE_OBJC_WEAK = YES;
				CLANG_WARN_BLOCK_CAPTURE_AUTORELEASING = YES;
				CLANG_WARN_BOOL_CONVERSION = YES;
				CLANG_WARN_COMMA = YES;
				CLANG_WARN_CONSTANT_CONVERSION = YES;
				CLANG_WARN_DEPRECATED_OBJC_IMPLEMENTATIONS = YES;
				CLANG_WARN_DIRECT_OBJC_ISA_USAGE = YES_ERROR;
				CLANG_WARN_DOCUMENTATION_COMMENTS = YES;
				CLANG_WARN_EMPTY_BODY = YES;
				CLANG_WARN_ENUM_CONVERSION = YES;
				CLANG_WARN_INFINITE_RECURSION = YES;
				CLANG_WARN_INT_CONVERSION = YES;
				CLANG_WARN_NON_LITERAL_NULL_CONVERSION = YES;
				CLANG_WARN_OBJC_IMPLICIT_RETAIN_SELF = YES;
				CLANG_WARN_OBJC_LITERAL_CONVERSION = YES;
				CLANG_WARN_OBJC_ROOT_CLASS = YES_ERROR;
				CLANG_WARN_QUOTED_INCLUDE_IN_FRAMEWORK_HEADER = YES;
				CLANG_WARN_RANGE_LOOP_ANALYSIS = YES;
				CLANG_WARN_STRICT_PROTOTYPES = YES;
				CLANG_WARN_SUSPICIOUS_MOVE = YES;
				CLANG_WARN_UNGUARDED_AVAILABILITY = YES_AGGRESSIVE;
				CLANG_WARN_UNREACHABLE_CODE = YES;
				CLANG_WARN__DUPLICATE_METHOD_MATCH = YES;
				COPY_PHASE_STRIP = NO;
				DEBUG_INFORMATION_FORMAT = dwarf;
				ENABLE_STRICT_OBJC_MSGSEND = YES;
				ENABLE_TESTABILITY = YES;
				ENABLE_USER_SCRIPT_SANDBOXING = YES;
				GCC_C_LANGUAGE_STANDARD = gnu17;
				GCC_DYNAMIC_NO_PIC = NO;
				GCC_NO_COMMON_BLOCKS = YES;
				GCC_OPTIMIZATION_LEVEL = 0;
				GCC_PREPROCESSOR_DEFINITIONS = (
					"DEBUG=1",
					"$(inherited)",
				);
				GCC_WARN_64_TO_32_BIT_CONVERSION = YES;
				GCC_WARN_ABOUT_RETURN_TYPE = YES_ERROR;
				GCC_WARN_UNDECLARED_SELECTOR = YES;
				GCC_WARN_UNINITIALIZED_AUTOS = YES_AGGRESSIVE;
				GCC_WARN_UNUSED_FUNCTION = YES;
				GCC_WARN_UNUSED_VARIABLE = YES;
				IPHONEOS_DEPLOYMENT_TARGET = 17.0;
				LOCALIZATION_PREFERS_STRING_CATALOGS = YES;
				MTL_ENABLE_DEBUG_INFO = INCLUDE_SOURCE;
				MTL_FAST_MATH = YES;
				ONLY_ACTIVE_ARCH = YES;
				SDKROOT = iphoneos;
				SWIFT_ACTIVE_COMPILATION_CONDITIONS = "DEBUG $(inherited)";
				SWIFT_OPTIMIZATION_LEVEL = "-Onone";
			};
			name = Debug;
		};
		F9A83ACD2B1B2293003AE374 /* Release */ = {
			isa = XCBuildConfiguration;
			buildSettings = {
				ALWAYS_SEARCH_USER_PATHS = NO;
				ASSETCATALOG_COMPILER_GENERATE_SWIFT_ASSET_SYMBOL_EXTENSIONS = YES;
				CLANG_ANALYZER_NONNULL = YES;
				CLANG_ANALYZER_NUMBER_OBJECT_CONVERSION = YES_AGGRESSIVE;
				CLANG_CXX_LANGUAGE_STANDARD = "gnu++20";
				CLANG_ENABLE_MODULES = YES;
				CLANG_ENABLE_OBJC_ARC = YES;
				CLANG_ENABLE_OBJC_WEAK = YES;
				CLANG_WARN_BLOCK_CAPTURE_AUTORELEASING = YES;
				CLANG_WARN_BOOL_CONVERSION = YES;
				CLANG_WARN_COMMA = YES;
				CLANG_WARN_CONSTANT_CONVERSION = YES;
				CLANG_WARN_DEPRECATED_OBJC_IMPLEMENTATIONS = YES;
				CLANG_WARN_DIRECT_OBJC_ISA_USAGE = YES_ERROR;
				CLANG_WARN_DOCUMENTATION_COMMENTS = YES;
				CLANG_WARN_EMPTY_BODY = YES;
				CLANG_WARN_ENUM_CONVERSION = YES;
				CLANG_WARN_INFINITE_RECURSION = YES;
				CLANG_WARN_INT_CONVERSION = YES;
				CLANG_WARN_NON_LITERAL_NULL_CONVERSION = YES;
				CLANG_WARN_OBJC_IMPLICIT_RETAIN_SELF = YES;
				CLANG_WARN_OBJC_LITERAL_CONVERSION = YES;
				CLANG_WARN_OBJC_ROOT_CLASS = YES_ERROR;
				CLANG_WARN_QUOTED_INCLUDE_IN_FRAMEWORK_HEADER = YES;
				CLANG_WARN_RANGE_LOOP_ANALYSIS = YES;
				CLANG_WARN_STRICT_PROTOTYPES = YES;
				CLANG_WARN_SUSPICIOUS_MOVE = YES;
				CLANG_WARN_UNGUARDED_AVAILABILITY = YES_AGGRESSIVE;
				CLANG_WARN_UNREACHABLE_CODE = YES;
				CLANG_WARN__DUPLICATE_METHOD_MATCH = YES;
				COPY_PHASE_STRIP = NO;
				DEBUG_INFORMATION_FORMAT = "dwarf-with-dsym";
				ENABLE_NS_ASSERTIONS = NO;
				ENABLE_STRICT_OBJC_MSGSEND = YES;
				ENABLE_USER_SCRIPT_SANDBOXING = YES;
				GCC_C_LANGUAGE_STANDARD = gnu17;
				GCC_NO_COMMON_BLOCKS = YES;
				GCC_WARN_64_TO_32_BIT_CONVERSION = YES;
				GCC_WARN_ABOUT_RETURN_TYPE = YES_ERROR;
				GCC_WARN_UNDECLARED_SELECTOR = YES;
				GCC_WARN_UNINITIALIZED_AUTOS = YES_AGGRESSIVE;
				GCC_WARN_UNUSED_FUNCTION = YES;
				GCC_WARN_UNUSED_VARIABLE = YES;
				IPHONEOS_DEPLOYMENT_TARGET = 17.0;
				LOCALIZATION_PREFERS_STRING_CATALOGS = YES;
				MTL_ENABLE_DEBUG_INFO = NO;
				MTL_FAST_MATH = YES;
				SDKROOT = iphoneos;
				SWIFT_COMPILATION_MODE = wholemodule;
				VALIDATE_PRODUCT = YES;
			};
			name = Release;
		};
		F9A83ACF2B1B2293003AE374 /* Debug */ = {
			isa = XCBuildConfiguration;
			buildSettings = {
				ASSETCATALOG_COMPILER_APPICON_NAME = AppIcon;
				ASSETCATALOG_COMPILER_GLOBAL_ACCENT_COLOR_NAME = AccentColor;
				CODE_SIGN_STYLE = Automatic;
				CURRENT_PROJECT_VERSION = 1;
				DEVELOPMENT_ASSET_PATHS = "\"practiceSwiftUI/Preview Content\"";
				DEVELOPMENT_TEAM = 52TADTDD5Y;
				ENABLE_PREVIEWS = YES;
				GENERATE_INFOPLIST_FILE = YES;
				INFOPLIST_FILE = practiceSwiftUI/Info.plist;
				INFOPLIST_KEY_UIApplicationSceneManifest_Generation = YES;
				INFOPLIST_KEY_UIApplicationSupportsIndirectInputEvents = YES;
				INFOPLIST_KEY_UILaunchScreen_Generation = YES;
				INFOPLIST_KEY_UISupportedInterfaceOrientations_iPad = "UIInterfaceOrientationPortrait UIInterfaceOrientationPortraitUpsideDown UIInterfaceOrientationLandscapeLeft UIInterfaceOrientationLandscapeRight";
				INFOPLIST_KEY_UISupportedInterfaceOrientations_iPhone = "UIInterfaceOrientationPortrait UIInterfaceOrientationLandscapeLeft UIInterfaceOrientationLandscapeRight";
				LD_RUNPATH_SEARCH_PATHS = (
					"$(inherited)",
					"@executable_path/Frameworks",
				);
				MARKETING_VERSION = 1.0;
				PRODUCT_BUNDLE_IDENTIFIER = kwangjo93.practiceSwiftUI;
				PRODUCT_NAME = "$(TARGET_NAME)";
				SWIFT_EMIT_LOC_STRINGS = YES;
				SWIFT_VERSION = 5.0;
				TARGETED_DEVICE_FAMILY = "1,2";
			};
			name = Debug;
		};
		F9A83AD02B1B2293003AE374 /* Release */ = {
			isa = XCBuildConfiguration;
			buildSettings = {
				ASSETCATALOG_COMPILER_APPICON_NAME = AppIcon;
				ASSETCATALOG_COMPILER_GLOBAL_ACCENT_COLOR_NAME = AccentColor;
				CODE_SIGN_STYLE = Automatic;
				CURRENT_PROJECT_VERSION = 1;
				DEVELOPMENT_ASSET_PATHS = "\"practiceSwiftUI/Preview Content\"";
				DEVELOPMENT_TEAM = 52TADTDD5Y;
				ENABLE_PREVIEWS = YES;
				GENERATE_INFOPLIST_FILE = YES;
				INFOPLIST_FILE = practiceSwiftUI/Info.plist;
				INFOPLIST_KEY_UIApplicationSceneManifest_Generation = YES;
				INFOPLIST_KEY_UIApplicationSupportsIndirectInputEvents = YES;
				INFOPLIST_KEY_UILaunchScreen_Generation = YES;
				INFOPLIST_KEY_UISupportedInterfaceOrientations_iPad = "UIInterfaceOrientationPortrait UIInterfaceOrientationPortraitUpsideDown UIInterfaceOrientationLandscapeLeft UIInterfaceOrientationLandscapeRight";
				INFOPLIST_KEY_UISupportedInterfaceOrientations_iPhone = "UIInterfaceOrientationPortrait UIInterfaceOrientationLandscapeLeft UIInterfaceOrientationLandscapeRight";
				LD_RUNPATH_SEARCH_PATHS = (
					"$(inherited)",
					"@executable_path/Frameworks",
				);
				MARKETING_VERSION = 1.0;
				PRODUCT_BUNDLE_IDENTIFIER = kwangjo93.practiceSwiftUI;
				PRODUCT_NAME = "$(TARGET_NAME)";
				SWIFT_EMIT_LOC_STRINGS = YES;
				SWIFT_VERSION = 5.0;
				TARGETED_DEVICE_FAMILY = "1,2";
			};
			name = Release;
		};
/* End XCBuildConfiguration section */

/* Begin XCConfigurationList section */
		F9A83ABB2B1B2290003AE374 /* Build configuration list for PBXProject "practiceSwiftUI" */ = {
			isa = XCConfigurationList;
			buildConfigurations = (
				F9A83ACC2B1B2293003AE374 /* Debug */,
				F9A83ACD2B1B2293003AE374 /* Release */,
			);
			defaultConfigurationIsVisible = 0;
			defaultConfigurationName = Release;
		};
		F9A83ACE2B1B2293003AE374 /* Build configuration list for PBXNativeTarget "practiceSwiftUI" */ = {
			isa = XCConfigurationList;
			buildConfigurations = (
				F9A83ACF2B1B2293003AE374 /* Debug */,
				F9A83AD02B1B2293003AE374 /* Release */,
			);
			defaultConfigurationIsVisible = 0;
			defaultConfigurationName = Release;
		};
/* End XCConfigurationList section */
	};
	rootObject = F9A83AB82B1B2290003AE374 /* Project object */;
}
