// !$*UTF8*$!
{
	archiveVersion = 1;
	classes = {
	};
	objectVersion = 56;
	objects = {

/* Begin PBXBuildFile section */
		F907AB772B5DED61005817F8 /* 리스트속성.swift in Sources */ = {isa = PBXBuildFile; fileRef = F907AB762B5DED61005817F8 /* 리스트속성.swift */; };
		F907AB792B5DEDF8005817F8 /* 동적리스트.swift in Sources */ = {isa = PBXBuildFile; fileRef = F907AB782B5DEDF8005817F8 /* 동적리스트.swift */; };
		F907AB7B2B5DF04B005817F8 /* forEachList.swift in Sources */ = {isa = PBXBuildFile; fileRef = F907AB7A2B5DF04B005817F8 /* forEachList.swift */; };
		F907AB7D2B5DF2B3005817F8 /* 리스트네비게이션.swift in Sources */ = {isa = PBXBuildFile; fileRef = F907AB7C2B5DF2B3005817F8 /* 리스트네비게이션.swift */; };
		F907AB7F2B5E0E6D005817F8 /* CarAssets.xcassets in Resources */ = {isa = PBXBuildFile; fileRef = F907AB7E2B5E0E6D005817F8 /* CarAssets.xcassets */; };
		F907AB8F2B5F5100005817F8 /* NavigationSplitViewPrac.swift in Sources */ = {isa = PBXBuildFile; fileRef = F907AB8E2B5F5100005817F8 /* NavigationSplitViewPrac.swift */; };
		F907AB922B5F5616005817F8 /* IconCategory.swift in Sources */ = {isa = PBXBuildFile; fileRef = F907AB912B5F5616005817F8 /* IconCategory.swift */; };
		F907AB942B5F5648005817F8 /* NavSplitDemo.swift in Sources */ = {isa = PBXBuildFile; fileRef = F907AB932B5F5648005817F8 /* NavSplitDemo.swift */; };
		F907AB992B609C84005817F8 /* DisclosurePrac.swift in Sources */ = {isa = PBXBuildFile; fileRef = F907AB982B609C84005817F8 /* DisclosurePrac.swift */; };
		F907AB9C2B609F3D005817F8 /* OutlineGroupPrac.swift in Sources */ = {isa = PBXBuildFile; fileRef = F907AB9B2B609F3D005817F8 /* OutlineGroupPrac.swift */; };
		F907AB9E2B609F54005817F8 /* CarInfo.swift in Sources */ = {isa = PBXBuildFile; fileRef = F907AB9D2B609F54005817F8 /* CarInfo.swift */; };
		F907ABA02B60AB15005817F8 /* CarCellView.swift in Sources */ = {isa = PBXBuildFile; fileRef = F907AB9F2B60AB15005817F8 /* CarCellView.swift */; };
		F907ABA22B60AD7E005817F8 /* SettingView.swift in Sources */ = {isa = PBXBuildFile; fileRef = F907ABA12B60AD7E005817F8 /* SettingView.swift */; };
		F93319E52B307653007D69F6 /* TextFieldViewPrac.swift in Sources */ = {isa = PBXBuildFile; fileRef = F93319E42B307653007D69F6 /* TextFieldViewPrac.swift */; };
		F93319E72B307986007D69F6 /* PickerPrac.swift in Sources */ = {isa = PBXBuildFile; fileRef = F93319E62B307986007D69F6 /* PickerPrac.swift */; };
		F93F89D82B633DFF00978E5D /* GridItemPrac.swift in Sources */ = {isa = PBXBuildFile; fileRef = F93F89D72B633DFF00978E5D /* GridItemPrac.swift */; };
		F93F89DA2B6345D900978E5D /* GridRowPrac.swift in Sources */ = {isa = PBXBuildFile; fileRef = F93F89D92B6345D900978E5D /* GridRowPrac.swift */; };
		F93F89DC2B6541BC00978E5D /* ContextMenuPrac.swift in Sources */ = {isa = PBXBuildFile; fileRef = F93F89DB2B6541BC00978E5D /* ContextMenuPrac.swift */; };
		F93F89DE2B65482600978E5D /* DrawPrac.swift in Sources */ = {isa = PBXBuildFile; fileRef = F93F89DD2B65482600978E5D /* DrawPrac.swift */; };
		F93F89E12B654D9E00978E5D /* GradientPrac.swift in Sources */ = {isa = PBXBuildFile; fileRef = F93F89E02B654D9E00978E5D /* GradientPrac.swift */; };
		F9739F182B234FD500FA1F8E /* ObservableObject.swift in Sources */ = {isa = PBXBuildFile; fileRef = F9739F172B234FD500FA1F8E /* ObservableObject.swift */; };
		F9739F1A2B2497E700FA1F8E /* NavigationView.swift in Sources */ = {isa = PBXBuildFile; fileRef = F9739F192B2497E700FA1F8E /* NavigationView.swift */; };
		F9739F2C2B25EDDD00FA1F8E /* GeometryReaderView.swift in Sources */ = {isa = PBXBuildFile; fileRef = F9739F2B2B25EDDD00FA1F8E /* GeometryReaderView.swift */; };
		F97AE89D2B2730E800814967 /* TabViewPrac.swift in Sources */ = {isa = PBXBuildFile; fileRef = F97AE89C2B2730E800814967 /* TabViewPrac.swift */; };
		F97D088B2B1F32FF001178B8 /* TextPractice.swift in Sources */ = {isa = PBXBuildFile; fileRef = F97D088A2B1F32FF001178B8 /* TextPractice.swift */; };
		F97D088D2B206E9A001178B8 /* ImagePractice.swift in Sources */ = {isa = PBXBuildFile; fileRef = F97D088C2B206E9A001178B8 /* ImagePractice.swift */; };
		F98B1BC52B5221D700C71281 /* ViewBuilderPrac.swift in Sources */ = {isa = PBXBuildFile; fileRef = F98B1BC42B5221D700C71281 /* ViewBuilderPrac.swift */; };
		F98B1BC72B522BF600C71281 /* AnyLayoutPrac.swift in Sources */ = {isa = PBXBuildFile; fileRef = F98B1BC62B522BF600C71281 /* AnyLayoutPrac.swift */; };
		F991419B2B29F0D100770379 /* ButtonStyleView.swift in Sources */ = {isa = PBXBuildFile; fileRef = F991419A2B29F0D100770379 /* ButtonStyleView.swift */; };
		F9A83AC42B1B2290003AE374 /* practiceSwiftUIApp.swift in Sources */ = {isa = PBXBuildFile; fileRef = F9A83AC32B1B2290003AE374 /* practiceSwiftUIApp.swift */; };
		F9A83AC62B1B2290003AE374 /* State.swift in Sources */ = {isa = PBXBuildFile; fileRef = F9A83AC52B1B2290003AE374 /* State.swift */; };
		F9A83AC82B1B2293003AE374 /* Assets.xcassets in Resources */ = {isa = PBXBuildFile; fileRef = F9A83AC72B1B2293003AE374 /* Assets.xcassets */; };
		F9A83ACB2B1B2293003AE374 /* Preview Assets.xcassets in Resources */ = {isa = PBXBuildFile; fileRef = F9A83ACA2B1B2293003AE374 /* Preview Assets.xcassets */; };
		F9A83AD22B1CC19D003AE374 /* Binding.swift in Sources */ = {isa = PBXBuildFile; fileRef = F9A83AD12B1CC19D003AE374 /* Binding.swift */; };
		F9A83AD42B1DFF05003AE374 /* WebViewPractice.swift in Sources */ = {isa = PBXBuildFile; fileRef = F9A83AD32B1DFF05003AE374 /* WebViewPractice.swift */; };
		F9E5D6322B272CDD000A4377 /* GeometryReaderProxyView.swift in Sources */ = {isa = PBXBuildFile; fileRef = F9E5D6312B272CDD000A4377 /* GeometryReaderProxyView.swift */; };
		F9F04A2A2B537DFB00A0F923 /* State2.swift in Sources */ = {isa = PBXBuildFile; fileRef = F9F04A292B537DFB00A0F923 /* State2.swift */; };
		F9F04A2C2B54C7F700A0F923 /* EnvironmentPrac.swift in Sources */ = {isa = PBXBuildFile; fileRef = F9F04A2B2B54C7F700A0F923 /* EnvironmentPrac.swift */; };
		F9F04A302B560EB800A0F923 /* ConcurrencyPrac.swift in Sources */ = {isa = PBXBuildFile; fileRef = F9F04A2F2B560EB800A0F923 /* ConcurrencyPrac.swift */; };
		F9F04A372B57657C00A0F923 /* GroupPrac.swift in Sources */ = {isa = PBXBuildFile; fileRef = F9F04A362B57657C00A0F923 /* GroupPrac.swift */; };
		F9F04A392B576F2A00A0F923 /* ActorPrac.swift in Sources */ = {isa = PBXBuildFile; fileRef = F9F04A382B576F2A00A0F923 /* ActorPrac.swift */; };
		F9F04A3C2B58AB9D00A0F923 /* LifrCyclePrac.swift in Sources */ = {isa = PBXBuildFile; fileRef = F9F04A3B2B58AB9D00A0F923 /* LifrCyclePrac.swift */; };
		F9F04A3F2B5A059800A0F923 /* CustomAlignment.swift in Sources */ = {isa = PBXBuildFile; fileRef = F9F04A3E2B5A059800A0F923 /* CustomAlignment.swift */; };
/* End PBXBuildFile section */

/* Begin PBXFileReference section */
		F907AB762B5DED61005817F8 /* 리스트속성.swift */ = {isa = PBXFileReference; lastKnownFileType = sourcecode.swift; path = "리스트속성.swift"; sourceTree = "<group>"; };
		F907AB782B5DEDF8005817F8 /* 동적리스트.swift */ = {isa = PBXFileReference; lastKnownFileType = sourcecode.swift; path = "동적리스트.swift"; sourceTree = "<group>"; };
		F907AB7A2B5DF04B005817F8 /* forEachList.swift */ = {isa = PBXFileReference; lastKnownFileType = sourcecode.swift; path = forEachList.swift; sourceTree = "<group>"; };
		F907AB7C2B5DF2B3005817F8 /* 리스트네비게이션.swift */ = {isa = PBXFileReference; lastKnownFileType = sourcecode.swift; path = "리스트네비게이션.swift"; sourceTree = "<group>"; };
		F907AB7E2B5E0E6D005817F8 /* CarAssets.xcassets */ = {isa = PBXFileReference; lastKnownFileType = folder.assetcatalog; path = CarAssets.xcassets; sourceTree = "<group>"; };
		F907AB8E2B5F5100005817F8 /* NavigationSplitViewPrac.swift */ = {isa = PBXFileReference; lastKnownFileType = sourcecode.swift; path = NavigationSplitViewPrac.swift; sourceTree = "<group>"; };
		F907AB912B5F5616005817F8 /* IconCategory.swift */ = {isa = PBXFileReference; lastKnownFileType = sourcecode.swift; path = IconCategory.swift; sourceTree = "<group>"; };
		F907AB932B5F5648005817F8 /* NavSplitDemo.swift */ = {isa = PBXFileReference; lastKnownFileType = sourcecode.swift; path = NavSplitDemo.swift; sourceTree = "<group>"; };
		F907AB982B609C84005817F8 /* DisclosurePrac.swift */ = {isa = PBXFileReference; lastKnownFileType = sourcecode.swift; path = DisclosurePrac.swift; sourceTree = "<group>"; };
		F907AB9B2B609F3D005817F8 /* OutlineGroupPrac.swift */ = {isa = PBXFileReference; lastKnownFileType = sourcecode.swift; path = OutlineGroupPrac.swift; sourceTree = "<group>"; };
		F907AB9D2B609F54005817F8 /* CarInfo.swift */ = {isa = PBXFileReference; lastKnownFileType = sourcecode.swift; path = CarInfo.swift; sourceTree = "<group>"; };
		F907AB9F2B60AB15005817F8 /* CarCellView.swift */ = {isa = PBXFileReference; lastKnownFileType = sourcecode.swift; path = CarCellView.swift; sourceTree = "<group>"; };
		F907ABA12B60AD7E005817F8 /* SettingView.swift */ = {isa = PBXFileReference; lastKnownFileType = sourcecode.swift; path = SettingView.swift; sourceTree = "<group>"; };
		F93319E42B307653007D69F6 /* TextFieldViewPrac.swift */ = {isa = PBXFileReference; lastKnownFileType = sourcecode.swift; path = TextFieldViewPrac.swift; sourceTree = "<group>"; };
		F93319E62B307986007D69F6 /* PickerPrac.swift */ = {isa = PBXFileReference; lastKnownFileType = sourcecode.swift; path = PickerPrac.swift; sourceTree = "<group>"; };
		F93F89D72B633DFF00978E5D /* GridItemPrac.swift */ = {isa = PBXFileReference; lastKnownFileType = sourcecode.swift; path = GridItemPrac.swift; sourceTree = "<group>"; };
		F93F89D92B6345D900978E5D /* GridRowPrac.swift */ = {isa = PBXFileReference; lastKnownFileType = sourcecode.swift; path = GridRowPrac.swift; sourceTree = "<group>"; };
		F93F89DB2B6541BC00978E5D /* ContextMenuPrac.swift */ = {isa = PBXFileReference; lastKnownFileType = sourcecode.swift; path = ContextMenuPrac.swift; sourceTree = "<group>"; };
		F93F89DD2B65482600978E5D /* DrawPrac.swift */ = {isa = PBXFileReference; lastKnownFileType = sourcecode.swift; path = DrawPrac.swift; sourceTree = "<group>"; };
		F93F89E02B654D9E00978E5D /* GradientPrac.swift */ = {isa = PBXFileReference; lastKnownFileType = sourcecode.swift; path = GradientPrac.swift; sourceTree = "<group>"; };
		F9739F172B234FD500FA1F8E /* ObservableObject.swift */ = {isa = PBXFileReference; lastKnownFileType = sourcecode.swift; path = ObservableObject.swift; sourceTree = "<group>"; };
		F9739F192B2497E700FA1F8E /* NavigationView.swift */ = {isa = PBXFileReference; lastKnownFileType = sourcecode.swift; path = NavigationView.swift; sourceTree = "<group>"; };
		F9739F2B2B25EDDD00FA1F8E /* GeometryReaderView.swift */ = {isa = PBXFileReference; lastKnownFileType = sourcecode.swift; path = GeometryReaderView.swift; sourceTree = "<group>"; };
		F97AE89C2B2730E800814967 /* TabViewPrac.swift */ = {isa = PBXFileReference; lastKnownFileType = sourcecode.swift; path = TabViewPrac.swift; sourceTree = "<group>"; };
		F97D088A2B1F32FF001178B8 /* TextPractice.swift */ = {isa = PBXFileReference; lastKnownFileType = sourcecode.swift; path = TextPractice.swift; sourceTree = "<group>"; };
		F97D088C2B206E9A001178B8 /* ImagePractice.swift */ = {isa = PBXFileReference; lastKnownFileType = sourcecode.swift; path = ImagePractice.swift; sourceTree = "<group>"; };
		F98B1BC42B5221D700C71281 /* ViewBuilderPrac.swift */ = {isa = PBXFileReference; lastKnownFileType = sourcecode.swift; path = ViewBuilderPrac.swift; sourceTree = "<group>"; };
		F98B1BC62B522BF600C71281 /* AnyLayoutPrac.swift */ = {isa = PBXFileReference; lastKnownFileType = sourcecode.swift; path = AnyLayoutPrac.swift; sourceTree = "<group>"; };
		F991419A2B29F0D100770379 /* ButtonStyleView.swift */ = {isa = PBXFileReference; lastKnownFileType = sourcecode.swift; path = ButtonStyleView.swift; sourceTree = "<group>"; };
		F9A83AC02B1B2290003AE374 /* practiceSwiftUI.app */ = {isa = PBXFileReference; explicitFileType = wrapper.application; includeInIndex = 0; path = practiceSwiftUI.app; sourceTree = BUILT_PRODUCTS_DIR; };
		F9A83AC32B1B2290003AE374 /* practiceSwiftUIApp.swift */ = {isa = PBXFileReference; lastKnownFileType = sourcecode.swift; path = practiceSwiftUIApp.swift; sourceTree = "<group>"; };
		F9A83AC52B1B2290003AE374 /* State.swift */ = {isa = PBXFileReference; lastKnownFileType = sourcecode.swift; path = State.swift; sourceTree = "<group>"; };
		F9A83AC72B1B2293003AE374 /* Assets.xcassets */ = {isa = PBXFileReference; lastKnownFileType = folder.assetcatalog; path = Assets.xcassets; sourceTree = "<group>"; };
		F9A83ACA2B1B2293003AE374 /* Preview Assets.xcassets */ = {isa = PBXFileReference; lastKnownFileType = folder.assetcatalog; path = "Preview Assets.xcassets"; sourceTree = "<group>"; };
		F9A83AD12B1CC19D003AE374 /* Binding.swift */ = {isa = PBXFileReference; lastKnownFileType = sourcecode.swift; path = Binding.swift; sourceTree = "<group>"; };
		F9A83AD32B1DFF05003AE374 /* WebViewPractice.swift */ = {isa = PBXFileReference; lastKnownFileType = sourcecode.swift; path = WebViewPractice.swift; sourceTree = "<group>"; };
		F9A83AD52B1E003E003AE374 /* Info.plist */ = {isa = PBXFileReference; lastKnownFileType = text.plist; path = Info.plist; sourceTree = "<group>"; };
		F9E5D6312B272CDD000A4377 /* GeometryReaderProxyView.swift */ = {isa = PBXFileReference; lastKnownFileType = sourcecode.swift; path = GeometryReaderProxyView.swift; sourceTree = "<group>"; };
		F9F04A292B537DFB00A0F923 /* State2.swift */ = {isa = PBXFileReference; lastKnownFileType = sourcecode.swift; path = State2.swift; sourceTree = "<group>"; };
		F9F04A2B2B54C7F700A0F923 /* EnvironmentPrac.swift */ = {isa = PBXFileReference; lastKnownFileType = sourcecode.swift; path = EnvironmentPrac.swift; sourceTree = "<group>"; };
		F9F04A2F2B560EB800A0F923 /* ConcurrencyPrac.swift */ = {isa = PBXFileReference; lastKnownFileType = sourcecode.swift; path = ConcurrencyPrac.swift; sourceTree = "<group>"; };
		F9F04A362B57657C00A0F923 /* GroupPrac.swift */ = {isa = PBXFileReference; lastKnownFileType = sourcecode.swift; path = GroupPrac.swift; sourceTree = "<group>"; };
		F9F04A382B576F2A00A0F923 /* ActorPrac.swift */ = {isa = PBXFileReference; lastKnownFileType = sourcecode.swift; path = ActorPrac.swift; sourceTree = "<group>"; };
		F9F04A3B2B58AB9D00A0F923 /* LifrCyclePrac.swift */ = {isa = PBXFileReference; lastKnownFileType = sourcecode.swift; path = LifrCyclePrac.swift; sourceTree = "<group>"; };
		F9F04A3E2B5A059800A0F923 /* CustomAlignment.swift */ = {isa = PBXFileReference; lastKnownFileType = sourcecode.swift; path = CustomAlignment.swift; sourceTree = "<group>"; };
/* End PBXFileReference section */

/* Begin PBXFrameworksBuildPhase section */
		F9A83ABD2B1B2290003AE374 /* Frameworks */ = {
			isa = PBXFrameworksBuildPhase;
			buildActionMask = 2147483647;
			files = (
			);
			runOnlyForDeploymentPostprocessing = 0;
		};
/* End PBXFrameworksBuildPhase section */

/* Begin PBXGroup section */
		F907AB8D2B5F4F70005817F8 /* NavigationSpitView */ = {
			isa = PBXGroup;
			children = (
				F907AB902B5F55FA005817F8 /* NavSplitDemo */,
				F907AB8E2B5F5100005817F8 /* NavigationSplitViewPrac.swift */,
			);
			path = NavigationSpitView;
			sourceTree = "<group>";
		};
		F907AB902B5F55FA005817F8 /* NavSplitDemo */ = {
			isa = PBXGroup;
			children = (
				F907AB912B5F5616005817F8 /* IconCategory.swift */,
				F907AB932B5F5648005817F8 /* NavSplitDemo.swift */,
			);
			path = NavSplitDemo;
			sourceTree = "<group>";
		};
		F907AB9A2B609F1F005817F8 /* OutlineGroupPrac */ = {
			isa = PBXGroup;
			children = (
				F907AB982B609C84005817F8 /* DisclosurePrac.swift */,
				F907AB9B2B609F3D005817F8 /* OutlineGroupPrac.swift */,
				F907AB9D2B609F54005817F8 /* CarInfo.swift */,
				F907AB9F2B60AB15005817F8 /* CarCellView.swift */,
				F907ABA12B60AD7E005817F8 /* SettingView.swift */,
			);
			path = OutlineGroupPrac;
			sourceTree = "<group>";
		};
		F907ABA32B60B193005817F8 /* GridView */ = {
			isa = PBXGroup;
			children = (
				F93F89D72B633DFF00978E5D /* GridItemPrac.swift */,
				F93F89D92B6345D900978E5D /* GridRowPrac.swift */,
			);
			path = GridView;
			sourceTree = "<group>";
		};
		F93F89DF2B654D8900978E5D /* Draw */ = {
			isa = PBXGroup;
			children = (
				F93F89DD2B65482600978E5D /* DrawPrac.swift */,
				F93F89E02B654D9E00978E5D /* GradientPrac.swift */,
			);
			path = Draw;
			sourceTree = "<group>";
		};
		F9A83AB72B1B2290003AE374 = {
			isa = PBXGroup;
			children = (
				F9A83AC22B1B2290003AE374 /* practiceSwiftUI */,
				F9A83AC12B1B2290003AE374 /* Products */,
			);
			sourceTree = "<group>";
		};
		F9A83AC12B1B2290003AE374 /* Products */ = {
			isa = PBXGroup;
			children = (
				F9A83AC02B1B2290003AE374 /* practiceSwiftUI.app */,
			);
			name = Products;
			sourceTree = "<group>";
		};
		F9A83AC22B1B2290003AE374 /* practiceSwiftUI */ = {
			isa = PBXGroup;
			children = (
				F907AB8D2B5F4F70005817F8 /* NavigationSpitView */,
				F9F04A3D2B5A058400A0F923 /* List */,
				F9F04A3A2B58AB9000A0F923 /* LifeCycle */,
				F9F04A2E2B560D0E00A0F923 /* Concurrency */,
				F9F04A2D2B560CFC00A0F923 /* Basic */,
				F9A83AC72B1B2293003AE374 /* Assets.xcassets */,
				F907AB7E2B5E0E6D005817F8 /* CarAssets.xcassets */,
				F9A83AD52B1E003E003AE374 /* Info.plist */,
				F9A83AC92B1B2293003AE374 /* Preview Content */,
			);
			path = practiceSwiftUI;
			sourceTree = "<group>";
		};
		F9A83AC92B1B2293003AE374 /* Preview Content */ = {
			isa = PBXGroup;
			children = (
				F9A83ACA2B1B2293003AE374 /* Preview Assets.xcassets */,
			);
			path = "Preview Content";
			sourceTree = "<group>";
		};
		F9F04A2D2B560CFC00A0F923 /* Basic */ = {
			isa = PBXGroup;
			children = (
				F93F89DF2B654D8900978E5D /* Draw */,
				F907ABA32B60B193005817F8 /* GridView */,
				F9A83AC32B1B2290003AE374 /* practiceSwiftUIApp.swift */,
				F9A83AC52B1B2290003AE374 /* State.swift */,
				F9F04A292B537DFB00A0F923 /* State2.swift */,
				F9A83AD12B1CC19D003AE374 /* Binding.swift */,
				F9A83AD32B1DFF05003AE374 /* WebViewPractice.swift */,
				F97D088A2B1F32FF001178B8 /* TextPractice.swift */,
				F97D088C2B206E9A001178B8 /* ImagePractice.swift */,
				F9739F172B234FD500FA1F8E /* ObservableObject.swift */,
				F9739F192B2497E700FA1F8E /* NavigationView.swift */,
				F9739F2B2B25EDDD00FA1F8E /* GeometryReaderView.swift */,
				F9E5D6312B272CDD000A4377 /* GeometryReaderProxyView.swift */,
				F97AE89C2B2730E800814967 /* TabViewPrac.swift */,
				F93F89DB2B6541BC00978E5D /* ContextMenuPrac.swift */,
				F991419A2B29F0D100770379 /* ButtonStyleView.swift */,
				F93319E42B307653007D69F6 /* TextFieldViewPrac.swift */,
				F93319E62B307986007D69F6 /* PickerPrac.swift */,
				F98B1BC42B5221D700C71281 /* ViewBuilderPrac.swift */,
				F98B1BC62B522BF600C71281 /* AnyLayoutPrac.swift */,
				F9F04A2B2B54C7F700A0F923 /* EnvironmentPrac.swift */,
				F9F04A3E2B5A059800A0F923 /* CustomAlignment.swift */,
			);
			path = Basic;
			sourceTree = "<group>";
		};
		F9F04A2E2B560D0E00A0F923 /* Concurrency */ = {
			isa = PBXGroup;
			children = (
				F9F04A2F2B560EB800A0F923 /* ConcurrencyPrac.swift */,
				F9F04A362B57657C00A0F923 /* GroupPrac.swift */,
				F9F04A382B576F2A00A0F923 /* ActorPrac.swift */,
			);
			path = Concurrency;
			sourceTree = "<group>";
		};
		F9F04A3A2B58AB9000A0F923 /* LifeCycle */ = {
			isa = PBXGroup;
			children = (
				F9F04A3B2B58AB9D00A0F923 /* LifrCyclePrac.swift */,
			);
			path = LifeCycle;
			sourceTree = "<group>";
		};
		F9F04A3D2B5A058400A0F923 /* List */ = {
			isa = PBXGroup;
			children = (
				F907AB9A2B609F1F005817F8 /* OutlineGroupPrac */,
				F907AB762B5DED61005817F8 /* 리스트속성.swift */,
				F907AB782B5DEDF8005817F8 /* 동적리스트.swift */,
				F907AB7A2B5DF04B005817F8 /* forEachList.swift */,
				F907AB7C2B5DF2B3005817F8 /* 리스트네비게이션.swift */,
			);
			path = List;
			sourceTree = "<group>";
		};
/* End PBXGroup section */

/* Begin PBXNativeTarget section */
		F9A83ABF2B1B2290003AE374 /* practiceSwiftUI */ = {
			isa = PBXNativeTarget;
			buildConfigurationList = F9A83ACE2B1B2293003AE374 /* Build configuration list for PBXNativeTarget "practiceSwiftUI" */;
			buildPhases = (
				F9A83ABC2B1B2290003AE374 /* Sources */,
				F9A83ABD2B1B2290003AE374 /* Frameworks */,
				F9A83ABE2B1B2290003AE374 /* Resources */,
			);
			buildRules = (
			);
			dependencies = (
			);
			name = practiceSwiftUI;
			productName = practiceSwiftUI;
			productReference = F9A83AC02B1B2290003AE374 /* practiceSwiftUI.app */;
			productType = "com.apple.product-type.application";
		};
/* End PBXNativeTarget section */

/* Begin PBXProject section */
		F9A83AB82B1B2290003AE374 /* Project object */ = {
			isa = PBXProject;
			attributes = {
				BuildIndependentTargetsInParallel = 1;
				LastSwiftUpdateCheck = 1500;
				LastUpgradeCheck = 1500;
				TargetAttributes = {
					F9A83ABF2B1B2290003AE374 = {
						CreatedOnToolsVersion = 15.0.1;
					};
				};
			};
			buildConfigurationList = F9A83ABB2B1B2290003AE374 /* Build configuration list for PBXProject "practiceSwiftUI" */;
			compatibilityVersion = "Xcode 14.0";
			developmentRegion = en;
			hasScannedForEncodings = 0;
			knownRegions = (
				en,
				Base,
			);
			mainGroup = F9A83AB72B1B2290003AE374;
			productRefGroup = F9A83AC12B1B2290003AE374 /* Products */;
			projectDirPath = "";
			projectRoot = "";
			targets = (
				F9A83ABF2B1B2290003AE374 /* practiceSwiftUI */,
			);
		};
/* End PBXProject section */

/* Begin PBXResourcesBuildPhase section */
		F9A83ABE2B1B2290003AE374 /* Resources */ = {
			isa = PBXResourcesBuildPhase;
			buildActionMask = 2147483647;
			files = (
				F9A83ACB2B1B2293003AE374 /* Preview Assets.xcassets in Resources */,
				F9A83AC82B1B2293003AE374 /* Assets.xcassets in Resources */,
				F907AB7F2B5E0E6D005817F8 /* CarAssets.xcassets in Resources */,
			);
			runOnlyForDeploymentPostprocessing = 0;
		};
/* End PBXResourcesBuildPhase section */

/* Begin PBXSourcesBuildPhase section */
		F9A83ABC2B1B2290003AE374 /* Sources */ = {
			isa = PBXSourcesBuildPhase;
			buildActionMask = 2147483647;
			files = (
				F991419B2B29F0D100770379 /* ButtonStyleView.swift in Sources */,
				F907AB922B5F5616005817F8 /* IconCategory.swift in Sources */,
				F907AB8F2B5F5100005817F8 /* NavigationSplitViewPrac.swift in Sources */,
				F93319E52B307653007D69F6 /* TextFieldViewPrac.swift in Sources */,
				F907AB9C2B609F3D005817F8 /* OutlineGroupPrac.swift in Sources */,
				F93F89D82B633DFF00978E5D /* GridItemPrac.swift in Sources */,
				F907AB792B5DEDF8005817F8 /* 동적리스트.swift in Sources */,
				F9E5D6322B272CDD000A4377 /* GeometryReaderProxyView.swift in Sources */,
				F907AB9E2B609F54005817F8 /* CarInfo.swift in Sources */,
				F98B1BC52B5221D700C71281 /* ViewBuilderPrac.swift in Sources */,
				F9A83AD42B1DFF05003AE374 /* WebViewPractice.swift in Sources */,
				F907AB7B2B5DF04B005817F8 /* forEachList.swift in Sources */,
				F907AB942B5F5648005817F8 /* NavSplitDemo.swift in Sources */,
				F9F04A372B57657C00A0F923 /* GroupPrac.swift in Sources */,
				F93F89DE2B65482600978E5D /* DrawPrac.swift in Sources */,
				F9A83AC62B1B2290003AE374 /* State.swift in Sources */,
				F93F89DA2B6345D900978E5D /* GridRowPrac.swift in Sources */,
				F93F89E12B654D9E00978E5D /* GradientPrac.swift in Sources */,
				F907AB7D2B5DF2B3005817F8 /* 리스트네비게이션.swift in Sources */,
				F907AB992B609C84005817F8 /* DisclosurePrac.swift in Sources */,
				F93F89DC2B6541BC00978E5D /* ContextMenuPrac.swift in Sources */,
				F9739F1A2B2497E700FA1F8E /* NavigationView.swift in Sources */,
				F9F04A2A2B537DFB00A0F923 /* State2.swift in Sources */,
				F97D088D2B206E9A001178B8 /* ImagePractice.swift in Sources */,
				F907ABA02B60AB15005817F8 /* CarCellView.swift in Sources */,
				F9F04A2C2B54C7F700A0F923 /* EnvironmentPrac.swift in Sources */,
				F97AE89D2B2730E800814967 /* TabViewPrac.swift in Sources */,
				F9F04A3F2B5A059800A0F923 /* CustomAlignment.swift in Sources */,
				F9F04A302B560EB800A0F923 /* ConcurrencyPrac.swift in Sources */,
				F97D088B2B1F32FF001178B8 /* TextPractice.swift in Sources */,
				F98B1BC72B522BF600C71281 /* AnyLayoutPrac.swift in Sources */,
				F93319E72B307986007D69F6 /* PickerPrac.swift in Sources */,
				F9739F182B234FD500FA1F8E /* ObservableObject.swift in Sources */,
				F9A83AD22B1CC19D003AE374 /* Binding.swift in Sources */,
				F9A83AC42B1B2290003AE374 /* practiceSwiftUIApp.swift in Sources */,
				F9739F2C2B25EDDD00FA1F8E /* GeometryReaderView.swift in Sources */,
				F907ABA22B60AD7E005817F8 /* SettingView.swift in Sources */,
				F907AB772B5DED61005817F8 /* 리스트속성.swift in Sources */,
				F9F04A392B576F2A00A0F923 /* ActorPrac.swift in Sources */,
				F9F04A3C2B58AB9D00A0F923 /* LifrCyclePrac.swift in Sources */,
			);
			runOnlyForDeploymentPostprocessing = 0;
		};
/* End PBXSourcesBuildPhase section */

/* Begin XCBuildConfiguration section */
		F9A83ACC2B1B2293003AE374 /* Debug */ = {
			isa = XCBuildConfiguration;
			buildSettings = {
				ALWAYS_SEARCH_USER_PATHS = NO;
				ASSETCATALOG_COMPILER_GENERATE_SWIFT_ASSET_SYMBOL_EXTENSIONS = YES;
				CLANG_ANALYZER_NONNULL = YES;
				CLANG_ANALYZER_NUMBER_OBJECT_CONVERSION = YES_AGGRESSIVE;
				CLANG_CXX_LANGUAGE_STANDARD = "gnu++20";
				CLANG_ENABLE_MODULES = YES;
				CLANG_ENABLE_OBJC_ARC = YES;
				CLANG_ENABLE_OBJC_WEAK = YES;
				CLANG_WARN_BLOCK_CAPTURE_AUTORELEASING = YES;
				CLANG_WARN_BOOL_CONVERSION = YES;
				CLANG_WARN_COMMA = YES;
				CLANG_WARN_CONSTANT_CONVERSION = YES;
				CLANG_WARN_DEPRECATED_OBJC_IMPLEMENTATIONS = YES;
				CLANG_WARN_DIRECT_OBJC_ISA_USAGE = YES_ERROR;
				CLANG_WARN_DOCUMENTATION_COMMENTS = YES;
				CLANG_WARN_EMPTY_BODY = YES;
				CLANG_WARN_ENUM_CONVERSION = YES;
				CLANG_WARN_INFINITE_RECURSION = YES;
				CLANG_WARN_INT_CONVERSION = YES;
				CLANG_WARN_NON_LITERAL_NULL_CONVERSION = YES;
				CLANG_WARN_OBJC_IMPLICIT_RETAIN_SELF = YES;
				CLANG_WARN_OBJC_LITERAL_CONVERSION = YES;
				CLANG_WARN_OBJC_ROOT_CLASS = YES_ERROR;
				CLANG_WARN_QUOTED_INCLUDE_IN_FRAMEWORK_HEADER = YES;
				CLANG_WARN_RANGE_LOOP_ANALYSIS = YES;
				CLANG_WARN_STRICT_PROTOTYPES = YES;
				CLANG_WARN_SUSPICIOUS_MOVE = YES;
				CLANG_WARN_UNGUARDED_AVAILABILITY = YES_AGGRESSIVE;
				CLANG_WARN_UNREACHABLE_CODE = YES;
				CLANG_WARN__DUPLICATE_METHOD_MATCH = YES;
				COPY_PHASE_STRIP = NO;
				DEBUG_INFORMATION_FORMAT = dwarf;
				ENABLE_STRICT_OBJC_MSGSEND = YES;
				ENABLE_TESTABILITY = YES;
				ENABLE_USER_SCRIPT_SANDBOXING = YES;
				GCC_C_LANGUAGE_STANDARD = gnu17;
				GCC_DYNAMIC_NO_PIC = NO;
				GCC_NO_COMMON_BLOCKS = YES;
				GCC_OPTIMIZATION_LEVEL = 0;
				GCC_PREPROCESSOR_DEFINITIONS = (
					"DEBUG=1",
					"$(inherited)",
				);
				GCC_WARN_64_TO_32_BIT_CONVERSION = YES;
				GCC_WARN_ABOUT_RETURN_TYPE = YES_ERROR;
				GCC_WARN_UNDECLARED_SELECTOR = YES;
				GCC_WARN_UNINITIALIZED_AUTOS = YES_AGGRESSIVE;
				GCC_WARN_UNUSED_FUNCTION = YES;
				GCC_WARN_UNUSED_VARIABLE = YES;
				IPHONEOS_DEPLOYMENT_TARGET = 17.0;
				LOCALIZATION_PREFERS_STRING_CATALOGS = YES;
				MTL_ENABLE_DEBUG_INFO = INCLUDE_SOURCE;
				MTL_FAST_MATH = YES;
				ONLY_ACTIVE_ARCH = YES;
				SDKROOT = iphoneos;
				SWIFT_ACTIVE_COMPILATION_CONDITIONS = "DEBUG $(inherited)";
				SWIFT_OPTIMIZATION_LEVEL = "-Onone";
			};
			name = Debug;
		};
		F9A83ACD2B1B2293003AE374 /* Release */ = {
			isa = XCBuildConfiguration;
			buildSettings = {
				ALWAYS_SEARCH_USER_PATHS = NO;
				ASSETCATALOG_COMPILER_GENERATE_SWIFT_ASSET_SYMBOL_EXTENSIONS = YES;
				CLANG_ANALYZER_NONNULL = YES;
				CLANG_ANALYZER_NUMBER_OBJECT_CONVERSION = YES_AGGRESSIVE;
				CLANG_CXX_LANGUAGE_STANDARD = "gnu++20";
				CLANG_ENABLE_MODULES = YES;
				CLANG_ENABLE_OBJC_ARC = YES;
				CLANG_ENABLE_OBJC_WEAK = YES;
				CLANG_WARN_BLOCK_CAPTURE_AUTORELEASING = YES;
				CLANG_WARN_BOOL_CONVERSION = YES;
				CLANG_WARN_COMMA = YES;
				CLANG_WARN_CONSTANT_CONVERSION = YES;
				CLANG_WARN_DEPRECATED_OBJC_IMPLEMENTATIONS = YES;
				CLANG_WARN_DIRECT_OBJC_ISA_USAGE = YES_ERROR;
				CLANG_WARN_DOCUMENTATION_COMMENTS = YES;
				CLANG_WARN_EMPTY_BODY = YES;
				CLANG_WARN_ENUM_CONVERSION = YES;
				CLANG_WARN_INFINITE_RECURSION = YES;
				CLANG_WARN_INT_CONVERSION = YES;
				CLANG_WARN_NON_LITERAL_NULL_CONVERSION = YES;
				CLANG_WARN_OBJC_IMPLICIT_RETAIN_SELF = YES;
				CLANG_WARN_OBJC_LITERAL_CONVERSION = YES;
				CLANG_WARN_OBJC_ROOT_CLASS = YES_ERROR;
				CLANG_WARN_QUOTED_INCLUDE_IN_FRAMEWORK_HEADER = YES;
				CLANG_WARN_RANGE_LOOP_ANALYSIS = YES;
				CLANG_WARN_STRICT_PROTOTYPES = YES;
				CLANG_WARN_SUSPICIOUS_MOVE = YES;
				CLANG_WARN_UNGUARDED_AVAILABILITY = YES_AGGRESSIVE;
				CLANG_WARN_UNREACHABLE_CODE = YES;
				CLANG_WARN__DUPLICATE_METHOD_MATCH = YES;
				COPY_PHASE_STRIP = NO;
				DEBUG_INFORMATION_FORMAT = "dwarf-with-dsym";
				ENABLE_NS_ASSERTIONS = NO;
				ENABLE_STRICT_OBJC_MSGSEND = YES;
				ENABLE_USER_SCRIPT_SANDBOXING = YES;
				GCC_C_LANGUAGE_STANDARD = gnu17;
				GCC_NO_COMMON_BLOCKS = YES;
				GCC_WARN_64_TO_32_BIT_CONVERSION = YES;
				GCC_WARN_ABOUT_RETURN_TYPE = YES_ERROR;
				GCC_WARN_UNDECLARED_SELECTOR = YES;
				GCC_WARN_UNINITIALIZED_AUTOS = YES_AGGRESSIVE;
				GCC_WARN_UNUSED_FUNCTION = YES;
				GCC_WARN_UNUSED_VARIABLE = YES;
				IPHONEOS_DEPLOYMENT_TARGET = 17.0;
				LOCALIZATION_PREFERS_STRING_CATALOGS = YES;
				MTL_ENABLE_DEBUG_INFO = NO;
				MTL_FAST_MATH = YES;
				SDKROOT = iphoneos;
				SWIFT_COMPILATION_MODE = wholemodule;
				VALIDATE_PRODUCT = YES;
			};
			name = Release;
		};
		F9A83ACF2B1B2293003AE374 /* Debug */ = {
			isa = XCBuildConfiguration;
			buildSettings = {
				ASSETCATALOG_COMPILER_APPICON_NAME = AppIcon;
				ASSETCATALOG_COMPILER_GLOBAL_ACCENT_COLOR_NAME = AccentColor;
				CODE_SIGN_STYLE = Automatic;
				CURRENT_PROJECT_VERSION = 1;
				DEVELOPMENT_ASSET_PATHS = "\"practiceSwiftUI/Preview Content\"";
				DEVELOPMENT_TEAM = 52TADTDD5Y;
				ENABLE_PREVIEWS = YES;
				GENERATE_INFOPLIST_FILE = YES;
				INFOPLIST_FILE = practiceSwiftUI/Info.plist;
				INFOPLIST_KEY_UIApplicationSceneManifest_Generation = YES;
				INFOPLIST_KEY_UIApplicationSupportsIndirectInputEvents = YES;
				INFOPLIST_KEY_UILaunchScreen_Generation = YES;
				INFOPLIST_KEY_UISupportedInterfaceOrientations_iPad = "UIInterfaceOrientationPortrait UIInterfaceOrientationPortraitUpsideDown UIInterfaceOrientationLandscapeLeft UIInterfaceOrientationLandscapeRight";
				INFOPLIST_KEY_UISupportedInterfaceOrientations_iPhone = "UIInterfaceOrientationPortrait UIInterfaceOrientationLandscapeLeft UIInterfaceOrientationLandscapeRight";
				LD_RUNPATH_SEARCH_PATHS = (
					"$(inherited)",
					"@executable_path/Frameworks",
				);
				MARKETING_VERSION = 1.0;
				PRODUCT_BUNDLE_IDENTIFIER = kwangjo93.practiceSwiftUI;
				PRODUCT_NAME = "$(TARGET_NAME)";
				SWIFT_EMIT_LOC_STRINGS = YES;
				SWIFT_VERSION = 5.0;
				TARGETED_DEVICE_FAMILY = "1,2";
			};
			name = Debug;
		};
		F9A83AD02B1B2293003AE374 /* Release */ = {
			isa = XCBuildConfiguration;
			buildSettings = {
				ASSETCATALOG_COMPILER_APPICON_NAME = AppIcon;
				ASSETCATALOG_COMPILER_GLOBAL_ACCENT_COLOR_NAME = AccentColor;
				CODE_SIGN_STYLE = Automatic;
				CURRENT_PROJECT_VERSION = 1;
				DEVELOPMENT_ASSET_PATHS = "\"practiceSwiftUI/Preview Content\"";
				DEVELOPMENT_TEAM = 52TADTDD5Y;
				ENABLE_PREVIEWS = YES;
				GENERATE_INFOPLIST_FILE = YES;
				INFOPLIST_FILE = practiceSwiftUI/Info.plist;
				INFOPLIST_KEY_UIApplicationSceneManifest_Generation = YES;
				INFOPLIST_KEY_UIApplicationSupportsIndirectInputEvents = YES;
				INFOPLIST_KEY_UILaunchScreen_Generation = YES;
				INFOPLIST_KEY_UISupportedInterfaceOrientations_iPad = "UIInterfaceOrientationPortrait UIInterfaceOrientationPortraitUpsideDown UIInterfaceOrientationLandscapeLeft UIInterfaceOrientationLandscapeRight";
				INFOPLIST_KEY_UISupportedInterfaceOrientations_iPhone = "UIInterfaceOrientationPortrait UIInterfaceOrientationLandscapeLeft UIInterfaceOrientationLandscapeRight";
				LD_RUNPATH_SEARCH_PATHS = (
					"$(inherited)",
					"@executable_path/Frameworks",
				);
				MARKETING_VERSION = 1.0;
				PRODUCT_BUNDLE_IDENTIFIER = kwangjo93.practiceSwiftUI;
				PRODUCT_NAME = "$(TARGET_NAME)";
				SWIFT_EMIT_LOC_STRINGS = YES;
				SWIFT_VERSION = 5.0;
				TARGETED_DEVICE_FAMILY = "1,2";
			};
			name = Release;
		};
/* End XCBuildConfiguration section */

/* Begin XCConfigurationList section */
		F9A83ABB2B1B2290003AE374 /* Build configuration list for PBXProject "practiceSwiftUI" */ = {
			isa = XCConfigurationList;
			buildConfigurations = (
				F9A83ACC2B1B2293003AE374 /* Debug */,
				F9A83ACD2B1B2293003AE374 /* Release */,
			);
			defaultConfigurationIsVisible = 0;
			defaultConfigurationName = Release;
		};
		F9A83ACE2B1B2293003AE374 /* Build configuration list for PBXNativeTarget "practiceSwiftUI" */ = {
			isa = XCConfigurationList;
			buildConfigurations = (
				F9A83ACF2B1B2293003AE374 /* Debug */,
				F9A83AD02B1B2293003AE374 /* Release */,
			);
			defaultConfigurationIsVisible = 0;
			defaultConfigurationName = Release;
		};
/* End XCConfigurationList section */
	};
	rootObject = F9A83AB82B1B2290003AE374 /* Project object */;
}
